
Microsoft Visual Studio Solution File, Format Version 12.00
# Visual Studio Version 16
VisualStudioVersion = 16.0.31005.135
MinimumVisualStudioVersion = 10.0.40219.1
Project("{FAE04EC0-301F-11D3-BF4B-00C04F79EFBC}") = "Resolucao_De_Algoritmos_Com_Funcoes", "Resolucao_De_Algoritmos_Com_Funcoes\Resolucao_De_Algoritmos_Com_Funcoes.csproj", "{973D4D62-DD80-4B50-8F91-38F2FAC574BA}"
EndProject
Global
	GlobalSection(SolutionConfigurationPlatforms) = preSolution
		Debug|Any CPU = Debug|Any CPU
		Release|Any CPU = Release|Any CPU
	EndGlobalSection
	GlobalSection(ProjectConfigurationPlatforms) = postSolution
		{973D4D62-DD80-4B50-8F91-38F2FAC574BA}.Debug|Any CPU.ActiveCfg = Debug|Any CPU
		{973D4D62-DD80-4B50-8F91-38F2FAC574BA}.Debug|Any CPU.Build.0 = Debug|Any CPU
		{973D4D62-DD80-4B50-8F91-38F2FAC574BA}.Release|Any CPU.ActiveCfg = Release|Any CPU
		{973D4D62-DD80-4B50-8F91-38F2FAC574BA}.Release|Any CPU.Build.0 = Release|Any CPU
	EndGlobalSection
	GlobalSection(SolutionProperties) = preSolution
		HideSolutionNode = FALSE
	EndGlobalSection
	GlobalSection(ExtensibilityGlobals) = postSolution
		SolutionGuid = {E7320722-0BD6-4329-A6E1-37A9F92A7E69}
	EndGlobalSection
EndGlobal
